
Microsoft Visual Studio Solution File, Format Version 12.00
# Visual Studio Version 16
VisualStudioVersion = 16.0.808.10
MinimumVisualStudioVersion = 10.0.40219.1
Project("{FAE04EC0-301F-11D3-BF4B-00C04F79EFBC}") = "TreeData", "TreeData\TreeData.csproj", "{8B409138-39C6-4204-8F0E-92420F09F857}"
EndProject
Global
	GlobalSection(SolutionConfigurationPlatforms) = preSolution
		Debug|Any CPU = Debug|Any CPU
		Release|Any CPU = Release|Any CPU
	EndGlobalSection
	GlobalSection(ProjectConfigurationPlatforms) = postSolution
		{8B409138-39C6-4204-8F0E-92420F09F857}.Debug|Any CPU.ActiveCfg = Debug|Any CPU
		{8B409138-39C6-4204-8F0E-92420F09F857}.Debug|Any CPU.Build.0 = Debug|Any CPU
		{8B409138-39C6-4204-8F0E-92420F09F857}.Release|Any CPU.ActiveCfg = Release|Any CPU
		{8B409138-39C6-4204-8F0E-92420F09F857}.Release|Any CPU.Build.0 = Release|Any CPU
	EndGlobalSection
	GlobalSection(SolutionProperties) = preSolution
		HideSolutionNode = FALSE
	EndGlobalSection
	GlobalSection(ExtensibilityGlobals) = postSolution
		SolutionGuid = {D1EC32EF-117F-4160-96FA-DA423E95FC06}
	EndGlobalSection
EndGlobal
