
Microsoft Visual Studio Solution File, Format Version 12.00
# Visual Studio Version 17
VisualStudioVersion = 17.0.31710.8
MinimumVisualStudioVersion = 10.0.40219.1
Project("{FAE04EC0-301F-11D3-BF4B-00C04F79EFBC}") = "WebApi", "WebApi.csproj", "{A43C64A5-D711-4721-9DE6-DAD96A7F0278}"
EndProject
Global
	GlobalSection(SolutionConfigurationPlatforms) = preSolution
		Debug|Any CPU = Debug|Any CPU
		Release|Any CPU = Release|Any CPU
	EndGlobalSection
	GlobalSection(ProjectConfigurationPlatforms) = postSolution
		{A43C64A5-D711-4721-9DE6-DAD96A7F0278}.Debug|Any CPU.ActiveCfg = Debug|Any CPU
		{A43C64A5-D711-4721-9DE6-DAD96A7F0278}.Debug|Any CPU.Build.0 = Debug|Any CPU
		{A43C64A5-D711-4721-9DE6-DAD96A7F0278}.Release|Any CPU.ActiveCfg = Release|Any CPU
		{A43C64A5-D711-4721-9DE6-DAD96A7F0278}.Release|Any CPU.Build.0 = Release|Any CPU
	EndGlobalSection
	GlobalSection(SolutionProperties) = preSolution
		HideSolutionNode = FALSE
	EndGlobalSection
	GlobalSection(ExtensibilityGlobals) = postSolution
		SolutionGuid = {9553F795-443D-47D6-B462-218DA571FCBD}
	EndGlobalSection
EndGlobal
